// !$*UTF8*$!
{
	archiveVersion = 1;
	classes = {
	};
	objectVersion = 56;
	objects = {

/* Begin PBXBuildFile section */
		0150D8B12BEF294500024CBB /* HealthCareDataModel.xcdatamodeld in Sources */ = {isa = PBXBuildFile; fileRef = 0150D8AF2BEF294500024CBB /* HealthCareDataModel.xcdatamodeld */; };
		0150D8B32BEF58A900024CBB /* HomeView.swift in Sources */ = {isa = PBXBuildFile; fileRef = 0150D8B22BEF58A900024CBB /* HomeView.swift */; };
		0150D8B52BEF93FD00024CBB /* DoctorData.json in Resources */ = {isa = PBXBuildFile; fileRef = 0150D8B42BEF93FD00024CBB /* DoctorData.json */; };
		0150D8C62BF11C5B00024CBB /* DoctorSearchView.swift in Sources */ = {isa = PBXBuildFile; fileRef = 0150D8C52BF11C5B00024CBB /* DoctorSearchView.swift */; };
		0150D8C82BF1218D00024CBB /* DoctorSearchViewModel.swift in Sources */ = {isa = PBXBuildFile; fileRef = 0150D8C72BF1218D00024CBB /* DoctorSearchViewModel.swift */; };
		92A7C75A2BEE3BB30052A4B7 /* HealthCareDataViewModel.swift in Sources */ = {isa = PBXBuildFile; fileRef = 92A7C7592BEE3BB30052A4B7 /* HealthCareDataViewModel.swift */; };
		92A7C75C2BEE46620052A4B7 /* BookAppointmentView.swift in Sources */ = {isa = PBXBuildFile; fileRef = 92A7C75B2BEE46620052A4B7 /* BookAppointmentView.swift */; };
		92F68C472BE9DE1D009D6F94 /* healthcare_au_edu_utsApp.swift in Sources */ = {isa = PBXBuildFile; fileRef = 92F68C462BE9DE1D009D6F94 /* healthcare_au_edu_utsApp.swift */; };
		92F68C492BE9DE1D009D6F94 /* ContentView.swift in Sources */ = {isa = PBXBuildFile; fileRef = 92F68C482BE9DE1D009D6F94 /* ContentView.swift */; };
		92F68C4B2BE9DE21009D6F94 /* Assets.xcassets in Resources */ = {isa = PBXBuildFile; fileRef = 92F68C4A2BE9DE21009D6F94 /* Assets.xcassets */; };
		92F68C4E2BE9DE21009D6F94 /* Preview Assets.xcassets in Resources */ = {isa = PBXBuildFile; fileRef = 92F68C4D2BE9DE21009D6F94 /* Preview Assets.xcassets */; };
		92F68C582BE9DE25009D6F94 /* healthcare_au_edu_utsTests.swift in Sources */ = {isa = PBXBuildFile; fileRef = 92F68C572BE9DE25009D6F94 /* healthcare_au_edu_utsTests.swift */; };
		92F68C622BE9DE25009D6F94 /* healthcare_au_edu_utsUITests.swift in Sources */ = {isa = PBXBuildFile; fileRef = 92F68C612BE9DE25009D6F94 /* healthcare_au_edu_utsUITests.swift */; };
		92F68C642BE9DE25009D6F94 /* healthcare_au_edu_utsUITestsLaunchTests.swift in Sources */ = {isa = PBXBuildFile; fileRef = 92F68C632BE9DE25009D6F94 /* healthcare_au_edu_utsUITestsLaunchTests.swift */; };
		92F68C712BE9DF14009D6F94 /* HealthCareModel.swift in Sources */ = {isa = PBXBuildFile; fileRef = 92F68C702BE9DF14009D6F94 /* HealthCareModel.swift */; };
		92F68C732BE9E16F009D6F94 /* AppointmentView.swift in Sources */ = {isa = PBXBuildFile; fileRef = 92F68C722BE9E16F009D6F94 /* AppointmentView.swift */; };
		92F68C752BE9E27A009D6F94 /* AppointmentViewModel.swift in Sources */ = {isa = PBXBuildFile; fileRef = 92F68C742BE9E27A009D6F94 /* AppointmentViewModel.swift */; };
/* End PBXBuildFile section */

/* Begin PBXContainerItemProxy section */
		92F68C542BE9DE25009D6F94 /* PBXContainerItemProxy */ = {
			isa = PBXContainerItemProxy;
			containerPortal = 92F68C3B2BE9DE1D009D6F94 /* Project object */;
			proxyType = 1;
			remoteGlobalIDString = 92F68C422BE9DE1D009D6F94;
			remoteInfo = healthcare.au.edu.uts;
		};
		92F68C5E2BE9DE25009D6F94 /* PBXContainerItemProxy */ = {
			isa = PBXContainerItemProxy;
			containerPortal = 92F68C3B2BE9DE1D009D6F94 /* Project object */;
			proxyType = 1;
			remoteGlobalIDString = 92F68C422BE9DE1D009D6F94;
			remoteInfo = healthcare.au.edu.uts;
		};
/* End PBXContainerItemProxy section */

/* Begin PBXFileReference section */
		0150D8B02BEF294500024CBB /* HealthCareDataModel.xcdatamodel */ = {isa = PBXFileReference; lastKnownFileType = wrapper.xcdatamodel; path = HealthCareDataModel.xcdatamodel; sourceTree = "<group>"; };
		0150D8B22BEF58A900024CBB /* HomeView.swift */ = {isa = PBXFileReference; lastKnownFileType = sourcecode.swift; path = HomeView.swift; sourceTree = "<group>"; };
		0150D8B42BEF93FD00024CBB /* DoctorData.json */ = {isa = PBXFileReference; explicitFileType = text.json; path = DoctorData.json; sourceTree = "<group>"; };
		0150D8C52BF11C5B00024CBB /* DoctorSearchView.swift */ = {isa = PBXFileReference; lastKnownFileType = sourcecode.swift; path = DoctorSearchView.swift; sourceTree = "<group>"; };
		0150D8C72BF1218D00024CBB /* DoctorSearchViewModel.swift */ = {isa = PBXFileReference; lastKnownFileType = sourcecode.swift; path = DoctorSearchViewModel.swift; sourceTree = "<group>"; };
		92A7C7592BEE3BB30052A4B7 /* HealthCareDataViewModel.swift */ = {isa = PBXFileReference; lastKnownFileType = sourcecode.swift; path = HealthCareDataViewModel.swift; sourceTree = "<group>"; };
		92A7C75B2BEE46620052A4B7 /* BookAppointmentView.swift */ = {isa = PBXFileReference; lastKnownFileType = sourcecode.swift; path = BookAppointmentView.swift; sourceTree = "<group>"; };
		92F68C432BE9DE1D009D6F94 /* healthcare.au.edu.uts.app */ = {isa = PBXFileReference; explicitFileType = wrapper.application; includeInIndex = 0; name = healthcare.au.edu.uts.app; path = "/Users/kushmali/Desktop/Snehasis/healthcare.au.edu.uts/build/Debug-iphoneos/healthcare.au.edu.uts.app"; sourceTree = "<absolute>"; };
		92F68C462BE9DE1D009D6F94 /* healthcare_au_edu_utsApp.swift */ = {isa = PBXFileReference; lastKnownFileType = sourcecode.swift; path = healthcare_au_edu_utsApp.swift; sourceTree = "<group>"; };
		92F68C482BE9DE1D009D6F94 /* ContentView.swift */ = {isa = PBXFileReference; lastKnownFileType = sourcecode.swift; path = ContentView.swift; sourceTree = "<group>"; };
		92F68C4A2BE9DE21009D6F94 /* Assets.xcassets */ = {isa = PBXFileReference; lastKnownFileType = folder.assetcatalog; path = Assets.xcassets; sourceTree = "<group>"; };
		92F68C4D2BE9DE21009D6F94 /* Preview Assets.xcassets */ = {isa = PBXFileReference; lastKnownFileType = folder.assetcatalog; path = "Preview Assets.xcassets"; sourceTree = "<group>"; };
		92F68C532BE9DE25009D6F94 /* healthcare.au.edu.utsTests.xctest */ = {isa = PBXFileReference; explicitFileType = wrapper.cfbundle; includeInIndex = 0; name = healthcare.au.edu.utsTests.xctest; path = "/Users/kushmali/Desktop/Snehasis/healthcare.au.edu.uts/build/Debug-iphoneos/healthcare.au.edu.uts.app/PlugIns/healthcare.au.edu.utsTests.xctest"; sourceTree = "<absolute>"; };
		92F68C572BE9DE25009D6F94 /* healthcare_au_edu_utsTests.swift */ = {isa = PBXFileReference; lastKnownFileType = sourcecode.swift; path = healthcare_au_edu_utsTests.swift; sourceTree = "<group>"; };
		92F68C5D2BE9DE25009D6F94 /* healthcare.au.edu.utsUITests.xctest */ = {isa = PBXFileReference; explicitFileType = wrapper.cfbundle; includeInIndex = 0; name = healthcare.au.edu.utsUITests.xctest; path = "/Users/kushmali/Desktop/Snehasis/healthcare.au.edu.uts/build/Debug-iphoneos/healthcare.au.edu.utsUITests-Runner.app/PlugIns/healthcare.au.edu.utsUITests.xctest"; sourceTree = "<absolute>"; };
		92F68C612BE9DE25009D6F94 /* healthcare_au_edu_utsUITests.swift */ = {isa = PBXFileReference; lastKnownFileType = sourcecode.swift; path = healthcare_au_edu_utsUITests.swift; sourceTree = "<group>"; };
		92F68C632BE9DE25009D6F94 /* healthcare_au_edu_utsUITestsLaunchTests.swift */ = {isa = PBXFileReference; lastKnownFileType = sourcecode.swift; path = healthcare_au_edu_utsUITestsLaunchTests.swift; sourceTree = "<group>"; };
		92F68C702BE9DF14009D6F94 /* HealthCareModel.swift */ = {isa = PBXFileReference; lastKnownFileType = sourcecode.swift; path = HealthCareModel.swift; sourceTree = "<group>"; };
		92F68C722BE9E16F009D6F94 /* AppointmentView.swift */ = {isa = PBXFileReference; lastKnownFileType = sourcecode.swift; path = AppointmentView.swift; sourceTree = "<group>"; };
		92F68C742BE9E27A009D6F94 /* AppointmentViewModel.swift */ = {isa = PBXFileReference; lastKnownFileType = sourcecode.swift; path = AppointmentViewModel.swift; sourceTree = "<group>"; };
/* End PBXFileReference section */

/* Begin PBXFrameworksBuildPhase section */
		92F68C402BE9DE1D009D6F94 /* Frameworks */ = {
			isa = PBXFrameworksBuildPhase;
			buildActionMask = 2147483647;
			files = (
			);
			runOnlyForDeploymentPostprocessing = 0;
		};
		92F68C502BE9DE25009D6F94 /* Frameworks */ = {
			isa = PBXFrameworksBuildPhase;
			buildActionMask = 2147483647;
			files = (
			);
			runOnlyForDeploymentPostprocessing = 0;
		};
		92F68C5A2BE9DE25009D6F94 /* Frameworks */ = {
			isa = PBXFrameworksBuildPhase;
			buildActionMask = 2147483647;
			files = (
			);
			runOnlyForDeploymentPostprocessing = 0;
		};
/* End PBXFrameworksBuildPhase section */

/* Begin PBXGroup section */
		0150D8B62BEFB20300024CBB /* Frameworks */ = {
			isa = PBXGroup;
			children = (
			);
			name = Frameworks;
			sourceTree = "<group>";
		};
		92F68C3A2BE9DE1D009D6F94 = {
			isa = PBXGroup;
			children = (
				92F68C452BE9DE1D009D6F94 /* healthcare.au.edu.uts */,
				92F68C562BE9DE25009D6F94 /* healthcare.au.edu.utsTests */,
				92F68C602BE9DE25009D6F94 /* healthcare.au.edu.utsUITests */,
				0150D8B62BEFB20300024CBB /* Frameworks */,
			);
			sourceTree = "<group>";
		};
		92F68C452BE9DE1D009D6F94 /* healthcare.au.edu.uts */ = {
			isa = PBXGroup;
			children = (
				92F68C462BE9DE1D009D6F94 /* healthcare_au_edu_utsApp.swift */,
				92F68C482BE9DE1D009D6F94 /* ContentView.swift */,
				0150D8B42BEF93FD00024CBB /* DoctorData.json */,
				0150D8B22BEF58A900024CBB /* HomeView.swift */,
				92F68C4A2BE9DE21009D6F94 /* Assets.xcassets */,
				92F68C4C2BE9DE21009D6F94 /* Preview Content */,
				92F68C702BE9DF14009D6F94 /* HealthCareModel.swift */,
				0150D8AF2BEF294500024CBB /* HealthCareDataModel.xcdatamodeld */,
				92F68C722BE9E16F009D6F94 /* AppointmentView.swift */,
				92F68C742BE9E27A009D6F94 /* AppointmentViewModel.swift */,
				92A7C7592BEE3BB30052A4B7 /* HealthCareDataViewModel.swift */,
				92A7C75B2BEE46620052A4B7 /* BookAppointmentView.swift */,
				0150D8C52BF11C5B00024CBB /* DoctorSearchView.swift */,
				0150D8C72BF1218D00024CBB /* DoctorSearchViewModel.swift */,
			);
			path = healthcare.au.edu.uts;
			sourceTree = "<group>";
		};
		92F68C4C2BE9DE21009D6F94 /* Preview Content */ = {
			isa = PBXGroup;
			children = (
				92F68C4D2BE9DE21009D6F94 /* Preview Assets.xcassets */,
			);
			path = "Preview Content";
			sourceTree = "<group>";
		};
		92F68C562BE9DE25009D6F94 /* healthcare.au.edu.utsTests */ = {
			isa = PBXGroup;
			children = (
				92F68C572BE9DE25009D6F94 /* healthcare_au_edu_utsTests.swift */,
			);
			path = healthcare.au.edu.utsTests;
			sourceTree = "<group>";
		};
		92F68C602BE9DE25009D6F94 /* healthcare.au.edu.utsUITests */ = {
			isa = PBXGroup;
			children = (
				92F68C612BE9DE25009D6F94 /* healthcare_au_edu_utsUITests.swift */,
				92F68C632BE9DE25009D6F94 /* healthcare_au_edu_utsUITestsLaunchTests.swift */,
			);
			path = healthcare.au.edu.utsUITests;
			sourceTree = "<group>";
		};
/* End PBXGroup section */

/* Begin PBXNativeTarget section */
		92F68C422BE9DE1D009D6F94 /* healthcare.au.edu.uts */ = {
			isa = PBXNativeTarget;
			buildConfigurationList = 92F68C672BE9DE25009D6F94 /* Build configuration list for PBXNativeTarget "healthcare.au.edu.uts" */;
			buildPhases = (
				92F68C3F2BE9DE1D009D6F94 /* Sources */,
				92F68C402BE9DE1D009D6F94 /* Frameworks */,
				92F68C412BE9DE1D009D6F94 /* Resources */,
			);
			buildRules = (
			);
			dependencies = (
			);
			name = healthcare.au.edu.uts;
			packageProductDependencies = (
			);
			productName = healthcare.au.edu.uts;
			productReference = 92F68C432BE9DE1D009D6F94 /* healthcare.au.edu.uts.app */;
			productType = "com.apple.product-type.application";
		};
		92F68C522BE9DE25009D6F94 /* healthcare.au.edu.utsTests */ = {
			isa = PBXNativeTarget;
			buildConfigurationList = 92F68C6A2BE9DE25009D6F94 /* Build configuration list for PBXNativeTarget "healthcare.au.edu.utsTests" */;
			buildPhases = (
				92F68C4F2BE9DE25009D6F94 /* Sources */,
				92F68C502BE9DE25009D6F94 /* Frameworks */,
				92F68C512BE9DE25009D6F94 /* Resources */,
			);
			buildRules = (
			);
			dependencies = (
				92F68C552BE9DE25009D6F94 /* PBXTargetDependency */,
			);
			name = healthcare.au.edu.utsTests;
			productName = healthcare.au.edu.utsTests;
			productReference = 92F68C532BE9DE25009D6F94 /* healthcare.au.edu.utsTests.xctest */;
			productType = "com.apple.product-type.bundle.unit-test";
		};
		92F68C5C2BE9DE25009D6F94 /* healthcare.au.edu.utsUITests */ = {
			isa = PBXNativeTarget;
			buildConfigurationList = 92F68C6D2BE9DE25009D6F94 /* Build configuration list for PBXNativeTarget "healthcare.au.edu.utsUITests" */;
			buildPhases = (
				92F68C592BE9DE25009D6F94 /* Sources */,
				92F68C5A2BE9DE25009D6F94 /* Frameworks */,
				92F68C5B2BE9DE25009D6F94 /* Resources */,
			);
			buildRules = (
			);
			dependencies = (
				92F68C5F2BE9DE25009D6F94 /* PBXTargetDependency */,
			);
			name = healthcare.au.edu.utsUITests;
			productName = healthcare.au.edu.utsUITests;
			productReference = 92F68C5D2BE9DE25009D6F94 /* healthcare.au.edu.utsUITests.xctest */;
			productType = "com.apple.product-type.bundle.ui-testing";
		};
/* End PBXNativeTarget section */

/* Begin PBXProject section */
		92F68C3B2BE9DE1D009D6F94 /* Project object */ = {
			isa = PBXProject;
			attributes = {
				BuildIndependentTargetsInParallel = 1;
				LastSwiftUpdateCheck = 1530;
				LastUpgradeCheck = 1530;
				TargetAttributes = {
					92F68C422BE9DE1D009D6F94 = {
						CreatedOnToolsVersion = 15.3;
					};
					92F68C522BE9DE25009D6F94 = {
						CreatedOnToolsVersion = 15.3;
						TestTargetID = 92F68C422BE9DE1D009D6F94;
					};
					92F68C5C2BE9DE25009D6F94 = {
						CreatedOnToolsVersion = 15.3;
						TestTargetID = 92F68C422BE9DE1D009D6F94;
					};
				};
			};
			buildConfigurationList = 92F68C3E2BE9DE1D009D6F94 /* Build configuration list for PBXProject "healthcare.au.edu.uts" */;
			compatibilityVersion = "Xcode 14.0";
			developmentRegion = en;
			hasScannedForEncodings = 0;
			knownRegions = (
				en,
				Base,
			);
			mainGroup = 92F68C3A2BE9DE1D009D6F94;
			packageReferences = (
				0150D8B72BEFB6A100024CBB /* XCRemoteSwiftPackageReference "ios-maps-sdk" */,
				0150D8C22BEFC3E700024CBB /* XCRemoteSwiftPackageReference "ios-places-sdk" */,
			);
			productRefGroup = 92F68C3A2BE9DE1D009D6F94;
			projectDirPath = "";
			projectRoot = "";
			targets = (
				92F68C422BE9DE1D009D6F94 /* healthcare.au.edu.uts */,
				92F68C522BE9DE25009D6F94 /* healthcare.au.edu.utsTests */,
				92F68C5C2BE9DE25009D6F94 /* healthcare.au.edu.utsUITests */,
			);
		};
/* End PBXProject section */

/* Begin PBXResourcesBuildPhase section */
		92F68C412BE9DE1D009D6F94 /* Resources */ = {
			isa = PBXResourcesBuildPhase;
			buildActionMask = 2147483647;
			files = (
				92F68C4E2BE9DE21009D6F94 /* Preview Assets.xcassets in Resources */,
				0150D8B52BEF93FD00024CBB /* DoctorData.json in Resources */,
				92F68C4B2BE9DE21009D6F94 /* Assets.xcassets in Resources */,
			);
			runOnlyForDeploymentPostprocessing = 0;
		};
		92F68C512BE9DE25009D6F94 /* Resources */ = {
			isa = PBXResourcesBuildPhase;
			buildActionMask = 2147483647;
			files = (
			);
			runOnlyForDeploymentPostprocessing = 0;
		};
		92F68C5B2BE9DE25009D6F94 /* Resources */ = {
			isa = PBXResourcesBuildPhase;
			buildActionMask = 2147483647;
			files = (
			);
			runOnlyForDeploymentPostprocessing = 0;
		};
/* End PBXResourcesBuildPhase section */

/* Begin PBXSourcesBuildPhase section */
		92F68C3F2BE9DE1D009D6F94 /* Sources */ = {
			isa = PBXSourcesBuildPhase;
			buildActionMask = 2147483647;
			files = (
				0150D8B32BEF58A900024CBB /* HomeView.swift in Sources */,
				0150D8C62BF11C5B00024CBB /* DoctorSearchView.swift in Sources */,
				0150D8B12BEF294500024CBB /* HealthCareDataModel.xcdatamodeld in Sources */,
				92F68C492BE9DE1D009D6F94 /* ContentView.swift in Sources */,
				0150D8C82BF1218D00024CBB /* DoctorSearchViewModel.swift in Sources */,
				92A7C75C2BEE46620052A4B7 /* BookAppointmentView.swift in Sources */,
				92F68C752BE9E27A009D6F94 /* AppointmentViewModel.swift in Sources */,
				92F68C712BE9DF14009D6F94 /* HealthCareModel.swift in Sources */,
				92A7C75A2BEE3BB30052A4B7 /* HealthCareDataViewModel.swift in Sources */,
				92F68C732BE9E16F009D6F94 /* AppointmentView.swift in Sources */,
				92F68C472BE9DE1D009D6F94 /* healthcare_au_edu_utsApp.swift in Sources */,
			);
			runOnlyForDeploymentPostprocessing = 0;
		};
		92F68C4F2BE9DE25009D6F94 /* Sources */ = {
			isa = PBXSourcesBuildPhase;
			buildActionMask = 2147483647;
			files = (
				92F68C582BE9DE25009D6F94 /* healthcare_au_edu_utsTests.swift in Sources */,
			);
			runOnlyForDeploymentPostprocessing = 0;
		};
		92F68C592BE9DE25009D6F94 /* Sources */ = {
			isa = PBXSourcesBuildPhase;
			buildActionMask = 2147483647;
			files = (
				92F68C622BE9DE25009D6F94 /* healthcare_au_edu_utsUITests.swift in Sources */,
				92F68C642BE9DE25009D6F94 /* healthcare_au_edu_utsUITestsLaunchTests.swift in Sources */,
			);
			runOnlyForDeploymentPostprocessing = 0;
		};
/* End PBXSourcesBuildPhase section */

/* Begin PBXTargetDependency section */
		92F68C552BE9DE25009D6F94 /* PBXTargetDependency */ = {
			isa = PBXTargetDependency;
			target = 92F68C422BE9DE1D009D6F94 /* healthcare.au.edu.uts */;
			targetProxy = 92F68C542BE9DE25009D6F94 /* PBXContainerItemProxy */;
		};
		92F68C5F2BE9DE25009D6F94 /* PBXTargetDependency */ = {
			isa = PBXTargetDependency;
			target = 92F68C422BE9DE1D009D6F94 /* healthcare.au.edu.uts */;
			targetProxy = 92F68C5E2BE9DE25009D6F94 /* PBXContainerItemProxy */;
		};
/* End PBXTargetDependency section */

/* Begin XCBuildConfiguration section */
		92F68C652BE9DE25009D6F94 /* Debug */ = {
			isa = XCBuildConfiguration;
			buildSettings = {
				ALWAYS_SEARCH_USER_PATHS = NO;
				ASSETCATALOG_COMPILER_GENERATE_SWIFT_ASSET_SYMBOL_EXTENSIONS = YES;
				CLANG_ANALYZER_NONNULL = YES;
				CLANG_ANALYZER_NUMBER_OBJECT_CONVERSION = YES_AGGRESSIVE;
				CLANG_CXX_LANGUAGE_STANDARD = "gnu++20";
				CLANG_ENABLE_MODULES = YES;
				CLANG_ENABLE_OBJC_ARC = YES;
				CLANG_ENABLE_OBJC_WEAK = YES;
				CLANG_WARN_BLOCK_CAPTURE_AUTORELEASING = YES;
				CLANG_WARN_BOOL_CONVERSION = YES;
				CLANG_WARN_COMMA = YES;
				CLANG_WARN_CONSTANT_CONVERSION = YES;
				CLANG_WARN_DEPRECATED_OBJC_IMPLEMENTATIONS = YES;
				CLANG_WARN_DIRECT_OBJC_ISA_USAGE = YES_ERROR;
				CLANG_WARN_DOCUMENTATION_COMMENTS = YES;
				CLANG_WARN_EMPTY_BODY = YES;
				CLANG_WARN_ENUM_CONVERSION = YES;
				CLANG_WARN_INFINITE_RECURSION = YES;
				CLANG_WARN_INT_CONVERSION = YES;
				CLANG_WARN_NON_LITERAL_NULL_CONVERSION = YES;
				CLANG_WARN_OBJC_IMPLICIT_RETAIN_SELF = YES;
				CLANG_WARN_OBJC_LITERAL_CONVERSION = YES;
				CLANG_WARN_OBJC_ROOT_CLASS = YES_ERROR;
				CLANG_WARN_QUOTED_INCLUDE_IN_FRAMEWORK_HEADER = YES;
				CLANG_WARN_RANGE_LOOP_ANALYSIS = YES;
				CLANG_WARN_STRICT_PROTOTYPES = YES;
				CLANG_WARN_SUSPICIOUS_MOVE = YES;
				CLANG_WARN_UNGUARDED_AVAILABILITY = YES_AGGRESSIVE;
				CLANG_WARN_UNREACHABLE_CODE = YES;
				CLANG_WARN__DUPLICATE_METHOD_MATCH = YES;
				COPY_PHASE_STRIP = NO;
				DEBUG_INFORMATION_FORMAT = dwarf;
				ENABLE_STRICT_OBJC_MSGSEND = YES;
				ENABLE_TESTABILITY = YES;
				ENABLE_USER_SCRIPT_SANDBOXING = YES;
				GCC_C_LANGUAGE_STANDARD = gnu17;
				GCC_DYNAMIC_NO_PIC = NO;
				GCC_NO_COMMON_BLOCKS = YES;
				GCC_OPTIMIZATION_LEVEL = 0;
				GCC_PREPROCESSOR_DEFINITIONS = (
					"DEBUG=1",
					"$(inherited)",
				);
				GCC_WARN_64_TO_32_BIT_CONVERSION = YES;
				GCC_WARN_ABOUT_RETURN_TYPE = YES_ERROR;
				GCC_WARN_UNDECLARED_SELECTOR = YES;
				GCC_WARN_UNINITIALIZED_AUTOS = YES_AGGRESSIVE;
				GCC_WARN_UNUSED_FUNCTION = YES;
				GCC_WARN_UNUSED_VARIABLE = YES;
				IPHONEOS_DEPLOYMENT_TARGET = 17.4;
				LOCALIZATION_PREFERS_STRING_CATALOGS = YES;
				MTL_ENABLE_DEBUG_INFO = INCLUDE_SOURCE;
				MTL_FAST_MATH = YES;
				ONLY_ACTIVE_ARCH = YES;
				SDKROOT = iphoneos;
				SWIFT_ACTIVE_COMPILATION_CONDITIONS = "DEBUG $(inherited)";
				SWIFT_OPTIMIZATION_LEVEL = "-Onone";
			};
			name = Debug;
		};
		92F68C662BE9DE25009D6F94 /* Release */ = {
			isa = XCBuildConfiguration;
			buildSettings = {
				ALWAYS_SEARCH_USER_PATHS = NO;
				ASSETCATALOG_COMPILER_GENERATE_SWIFT_ASSET_SYMBOL_EXTENSIONS = YES;
				CLANG_ANALYZER_NONNULL = YES;
				CLANG_ANALYZER_NUMBER_OBJECT_CONVERSION = YES_AGGRESSIVE;
				CLANG_CXX_LANGUAGE_STANDARD = "gnu++20";
				CLANG_ENABLE_MODULES = YES;
				CLANG_ENABLE_OBJC_ARC = YES;
				CLANG_ENABLE_OBJC_WEAK = YES;
				CLANG_WARN_BLOCK_CAPTURE_AUTORELEASING = YES;
				CLANG_WARN_BOOL_CONVERSION = YES;
				CLANG_WARN_COMMA = YES;
				CLANG_WARN_CONSTANT_CONVERSION = YES;
				CLANG_WARN_DEPRECATED_OBJC_IMPLEMENTATIONS = YES;
				CLANG_WARN_DIRECT_OBJC_ISA_USAGE = YES_ERROR;
				CLANG_WARN_DOCUMENTATION_COMMENTS = YES;
				CLANG_WARN_EMPTY_BODY = YES;
				CLANG_WARN_ENUM_CONVERSION = YES;
				CLANG_WARN_INFINITE_RECURSION = YES;
				CLANG_WARN_INT_CONVERSION = YES;
				CLANG_WARN_NON_LITERAL_NULL_CONVERSION = YES;
				CLANG_WARN_OBJC_IMPLICIT_RETAIN_SELF = YES;
				CLANG_WARN_OBJC_LITERAL_CONVERSION = YES;
				CLANG_WARN_OBJC_ROOT_CLASS = YES_ERROR;
				CLANG_WARN_QUOTED_INCLUDE_IN_FRAMEWORK_HEADER = YES;
				CLANG_WARN_RANGE_LOOP_ANALYSIS = YES;
				CLANG_WARN_STRICT_PROTOTYPES = YES;
				CLANG_WARN_SUSPICIOUS_MOVE = YES;
				CLANG_WARN_UNGUARDED_AVAILABILITY = YES_AGGRESSIVE;
				CLANG_WARN_UNREACHABLE_CODE = YES;
				CLANG_WARN__DUPLICATE_METHOD_MATCH = YES;
				COPY_PHASE_STRIP = NO;
				DEBUG_INFORMATION_FORMAT = "dwarf-with-dsym";
				ENABLE_NS_ASSERTIONS = NO;
				ENABLE_STRICT_OBJC_MSGSEND = YES;
				ENABLE_USER_SCRIPT_SANDBOXING = YES;
				GCC_C_LANGUAGE_STANDARD = gnu17;
				GCC_NO_COMMON_BLOCKS = YES;
				GCC_WARN_64_TO_32_BIT_CONVERSION = YES;
				GCC_WARN_ABOUT_RETURN_TYPE = YES_ERROR;
				GCC_WARN_UNDECLARED_SELECTOR = YES;
				GCC_WARN_UNINITIALIZED_AUTOS = YES_AGGRESSIVE;
				GCC_WARN_UNUSED_FUNCTION = YES;
				GCC_WARN_UNUSED_VARIABLE = YES;
				IPHONEOS_DEPLOYMENT_TARGET = 17.4;
				LOCALIZATION_PREFERS_STRING_CATALOGS = YES;
				MTL_ENABLE_DEBUG_INFO = NO;
				MTL_FAST_MATH = YES;
				SDKROOT = iphoneos;
				SWIFT_COMPILATION_MODE = wholemodule;
				VALIDATE_PRODUCT = YES;
			};
			name = Release;
		};
		92F68C682BE9DE25009D6F94 /* Debug */ = {
			isa = XCBuildConfiguration;
			buildSettings = {
				ASSETCATALOG_COMPILER_APPICON_NAME = AppIcon;
				ASSETCATALOG_COMPILER_GLOBAL_ACCENT_COLOR_NAME = AccentColor;
				CODE_SIGN_STYLE = Automatic;
				CURRENT_PROJECT_VERSION = 1;
				DEVELOPMENT_ASSET_PATHS = "\"healthcare.au.edu.uts/Preview Content\"";
				ENABLE_PREVIEWS = YES;
				GENERATE_INFOPLIST_FILE = YES;
				INFOPLIST_KEY_UIApplicationSceneManifest_Generation = YES;
				INFOPLIST_KEY_UIApplicationSupportsIndirectInputEvents = YES;
				INFOPLIST_KEY_UILaunchScreen_Generation = YES;
				INFOPLIST_KEY_UISupportedInterfaceOrientations_iPad = "UIInterfaceOrientationPortrait UIInterfaceOrientationPortraitUpsideDown UIInterfaceOrientationLandscapeLeft UIInterfaceOrientationLandscapeRight";
				INFOPLIST_KEY_UISupportedInterfaceOrientations_iPhone = "UIInterfaceOrientationPortrait UIInterfaceOrientationLandscapeLeft UIInterfaceOrientationLandscapeRight";
				LD_RUNPATH_SEARCH_PATHS = (
					"$(inherited)",
					"@executable_path/Frameworks",
				);
				MARKETING_VERSION = 1.0;
				PRODUCT_BUNDLE_IDENTIFIER = "au.edu.uts.healthcare-au-edu-uts";
				PRODUCT_NAME = "$(TARGET_NAME)";
				SWIFT_EMIT_LOC_STRINGS = YES;
				SWIFT_VERSION = 5.0;
				TARGETED_DEVICE_FAMILY = "1,2";
			};
			name = Debug;
		};
		92F68C692BE9DE25009D6F94 /* Release */ = {
			isa = XCBuildConfiguration;
			buildSettings = {
				ASSETCATALOG_COMPILER_APPICON_NAME = AppIcon;
				ASSETCATALOG_COMPILER_GLOBAL_ACCENT_COLOR_NAME = AccentColor;
				CODE_SIGN_STYLE = Automatic;
				CURRENT_PROJECT_VERSION = 1;
				DEVELOPMENT_ASSET_PATHS = "\"healthcare.au.edu.uts/Preview Content\"";
				ENABLE_PREVIEWS = YES;
				GENERATE_INFOPLIST_FILE = YES;
				INFOPLIST_KEY_UIApplicationSceneManifest_Generation = YES;
				INFOPLIST_KEY_UIApplicationSupportsIndirectInputEvents = YES;
				INFOPLIST_KEY_UILaunchScreen_Generation = YES;
				INFOPLIST_KEY_UISupportedInterfaceOrientations_iPad = "UIInterfaceOrientationPortrait UIInterfaceOrientationPortraitUpsideDown UIInterfaceOrientationLandscapeLeft UIInterfaceOrientationLandscapeRight";
				INFOPLIST_KEY_UISupportedInterfaceOrientations_iPhone = "UIInterfaceOrientationPortrait UIInterfaceOrientationLandscapeLeft UIInterfaceOrientationLandscapeRight";
				LD_RUNPATH_SEARCH_PATHS = (
					"$(inherited)",
					"@executable_path/Frameworks",
				);
				MARKETING_VERSION = 1.0;
				PRODUCT_BUNDLE_IDENTIFIER = "au.edu.uts.healthcare-au-edu-uts";
				PRODUCT_NAME = "$(TARGET_NAME)";
				SWIFT_EMIT_LOC_STRINGS = YES;
				SWIFT_VERSION = 5.0;
				TARGETED_DEVICE_FAMILY = "1,2";
			};
			name = Release;
		};
		92F68C6B2BE9DE25009D6F94 /* Debug */ = {
			isa = XCBuildConfiguration;
			buildSettings = {
				ALWAYS_EMBED_SWIFT_STANDARD_LIBRARIES = YES;
				BUNDLE_LOADER = "$(TEST_HOST)";
				CODE_SIGN_STYLE = Automatic;
				CURRENT_PROJECT_VERSION = 1;
				GENERATE_INFOPLIST_FILE = YES;
				IPHONEOS_DEPLOYMENT_TARGET = 17.4;
				MARKETING_VERSION = 1.0;
				PRODUCT_BUNDLE_IDENTIFIER = "au.edu.uts.healthcare-au-edu-utsTests";
				PRODUCT_NAME = "$(TARGET_NAME)";
				SWIFT_EMIT_LOC_STRINGS = NO;
				SWIFT_VERSION = 5.0;
				TARGETED_DEVICE_FAMILY = "1,2";
				TEST_HOST = "$(BUILT_PRODUCTS_DIR)/healthcare.au.edu.uts.app/$(BUNDLE_EXECUTABLE_FOLDER_PATH)/healthcare.au.edu.uts";
			};
			name = Debug;
		};
		92F68C6C2BE9DE25009D6F94 /* Release */ = {
			isa = XCBuildConfiguration;
			buildSettings = {
				ALWAYS_EMBED_SWIFT_STANDARD_LIBRARIES = YES;
				BUNDLE_LOADER = "$(TEST_HOST)";
				CODE_SIGN_STYLE = Automatic;
				CURRENT_PROJECT_VERSION = 1;
				GENERATE_INFOPLIST_FILE = YES;
				IPHONEOS_DEPLOYMENT_TARGET = 17.4;
				MARKETING_VERSION = 1.0;
				PRODUCT_BUNDLE_IDENTIFIER = "au.edu.uts.healthcare-au-edu-utsTests";
				PRODUCT_NAME = "$(TARGET_NAME)";
				SWIFT_EMIT_LOC_STRINGS = NO;
				SWIFT_VERSION = 5.0;
				TARGETED_DEVICE_FAMILY = "1,2";
				TEST_HOST = "$(BUILT_PRODUCTS_DIR)/healthcare.au.edu.uts.app/$(BUNDLE_EXECUTABLE_FOLDER_PATH)/healthcare.au.edu.uts";
			};
			name = Release;
		};
		92F68C6E2BE9DE25009D6F94 /* Debug */ = {
			isa = XCBuildConfiguration;
			buildSettings = {
				ALWAYS_EMBED_SWIFT_STANDARD_LIBRARIES = YES;
				CODE_SIGN_STYLE = Automatic;
				CURRENT_PROJECT_VERSION = 1;
				GENERATE_INFOPLIST_FILE = YES;
				MARKETING_VERSION = 1.0;
				PRODUCT_BUNDLE_IDENTIFIER = "au.edu.uts.healthcare-au-edu-utsUITests";
				PRODUCT_NAME = "$(TARGET_NAME)";
				SWIFT_EMIT_LOC_STRINGS = NO;
				SWIFT_VERSION = 5.0;
				TARGETED_DEVICE_FAMILY = "1,2";
				TEST_TARGET_NAME = healthcare.au.edu.uts;
			};
			name = Debug;
		};
		92F68C6F2BE9DE25009D6F94 /* Release */ = {
			isa = XCBuildConfiguration;
			buildSettings = {
				ALWAYS_EMBED_SWIFT_STANDARD_LIBRARIES = YES;
				CODE_SIGN_STYLE = Automatic;
				CURRENT_PROJECT_VERSION = 1;
				GENERATE_INFOPLIST_FILE = YES;
				MARKETING_VERSION = 1.0;
				PRODUCT_BUNDLE_IDENTIFIER = "au.edu.uts.healthcare-au-edu-utsUITests";
				PRODUCT_NAME = "$(TARGET_NAME)";
				SWIFT_EMIT_LOC_STRINGS = NO;
				SWIFT_VERSION = 5.0;
				TARGETED_DEVICE_FAMILY = "1,2";
				TEST_TARGET_NAME = healthcare.au.edu.uts;
			};
			name = Release;
		};
/* End XCBuildConfiguration section */

/* Begin XCConfigurationList section */
		92F68C3E2BE9DE1D009D6F94 /* Build configuration list for PBXProject "healthcare.au.edu.uts" */ = {
			isa = XCConfigurationList;
			buildConfigurations = (
				92F68C652BE9DE25009D6F94 /* Debug */,
				92F68C662BE9DE25009D6F94 /* Release */,
			);
			defaultConfigurationIsVisible = 0;
			defaultConfigurationName = Release;
		};
		92F68C672BE9DE25009D6F94 /* Build configuration list for PBXNativeTarget "healthcare.au.edu.uts" */ = {
			isa = XCConfigurationList;
			buildConfigurations = (
				92F68C682BE9DE25009D6F94 /* Debug */,
				92F68C692BE9DE25009D6F94 /* Release */,
			);
			defaultConfigurationIsVisible = 0;
			defaultConfigurationName = Release;
		};
		92F68C6A2BE9DE25009D6F94 /* Build configuration list for PBXNativeTarget "healthcare.au.edu.utsTests" */ = {
			isa = XCConfigurationList;
			buildConfigurations = (
				92F68C6B2BE9DE25009D6F94 /* Debug */,
				92F68C6C2BE9DE25009D6F94 /* Release */,
			);
			defaultConfigurationIsVisible = 0;
			defaultConfigurationName = Release;
		};
		92F68C6D2BE9DE25009D6F94 /* Build configuration list for PBXNativeTarget "healthcare.au.edu.utsUITests" */ = {
			isa = XCConfigurationList;
			buildConfigurations = (
				92F68C6E2BE9DE25009D6F94 /* Debug */,
				92F68C6F2BE9DE25009D6F94 /* Release */,
			);
			defaultConfigurationIsVisible = 0;
			defaultConfigurationName = Release;
		};
/* End XCConfigurationList section */

/* Begin XCRemoteSwiftPackageReference section */
		0150D8B72BEFB6A100024CBB /* XCRemoteSwiftPackageReference "ios-maps-sdk" */ = {
			isa = XCRemoteSwiftPackageReference;
			repositoryURL = "https://github.com/googlemaps/ios-maps-sdk";
			requirement = {
				kind = upToNextMajorVersion;
				minimumVersion = 8.4.0;
			};
		};
		0150D8C22BEFC3E700024CBB /* XCRemoteSwiftPackageReference "ios-places-sdk" */ = {
			isa = XCRemoteSwiftPackageReference;
			repositoryURL = "https://github.com/googlemaps/ios-places-sdk";
			requirement = {
				kind = upToNextMajorVersion;
				minimumVersion = 8.5.0;
			};
		};
/* End XCRemoteSwiftPackageReference section */

/* Begin XCVersionGroup section */
		0150D8AF2BEF294500024CBB /* HealthCareDataModel.xcdatamodeld */ = {
			isa = XCVersionGroup;
			children = (
				0150D8B02BEF294500024CBB /* HealthCareDataModel.xcdatamodel */,
			);
			currentVersion = 0150D8B02BEF294500024CBB /* HealthCareDataModel.xcdatamodel */;
			name = HealthCareDataModel.xcdatamodeld;
			path = /Users/kushmali/Desktop/Snehasis/healthcare.au.edu.uts/healthcare.au.edu.uts/HealthCareDataModel.xcdatamodeld;
			sourceTree = "<group>";
			versionGroupType = wrapper.xcdatamodel;
		};
/* End XCVersionGroup section */
	};
	rootObject = 92F68C3B2BE9DE1D009D6F94 /* Project object */;
}
